# This file is automatically @generated by Poetry and should not be changed by hand.

[[package]]
name = "exifread"
version = "2.3.2"
description = "Read Exif metadata from tiff and jpeg files."
category = "main"
optional = false
python-versions = "*"
files = [
    {file = "ExifRead-2.3.2-py3-none-any.whl", hash = "sha256:3ef8725efdb66530b4b3cd1c4ba5d3f3b35a7872137d2c707f711971f8ebf809"},
    {file = "ExifRead-2.3.2.tar.gz", hash = "sha256:a0f74af5040168d3883bbc980efe26d06c89f026dc86ba28eb34107662d51766"},
]

[metadata]
lock-version = "2.0"
python-versions = "^3.10"
content-hash = "f2183e2d2f98434110495eeb62f49b5fb5981a61918ef3171bcb0d35bc4e6824"
